// !$*UTF8*$!
{
	archiveVersion = 1;
	classes = {
	};
	objectVersion = 46;
	objects = {

/* Begin PBXBuildFile section */
		D04EE1F01ABFB9AD00AC8E65 /* ReactiveAnimation.h in Headers */ = {isa = PBXBuildFile; fileRef = D04EE1EF1ABFB9AD00AC8E65 /* ReactiveAnimation.h */; settings = {ATTRIBUTES = (Public, ); }; };
		D04EE1F61ABFB9AD00AC8E65 /* ReactiveAnimation.framework in Frameworks */ = {isa = PBXBuildFile; fileRef = D04EE1EA1ABFB9AD00AC8E65 /* ReactiveAnimation.framework */; };
		D04EE1FD1ABFB9AD00AC8E65 /* ReactiveAnimationTests.m in Sources */ = {isa = PBXBuildFile; fileRef = D04EE1FC1ABFB9AD00AC8E65 /* ReactiveAnimationTests.m */; };
		D04EE22E1ABFBA1E00AC8E65 /* ReactiveAnimation.framework in Frameworks */ = {isa = PBXBuildFile; fileRef = D04EE2231ABFBA1E00AC8E65 /* ReactiveAnimation.framework */; };
		D04EE2461ABFBB0200AC8E65 /* ReactiveAnimationTests.m in Sources */ = {isa = PBXBuildFile; fileRef = D04EE1FC1ABFB9AD00AC8E65 /* ReactiveAnimationTests.m */; };
		D04EE2471ABFBB0400AC8E65 /* ReactiveAnimation.h in Headers */ = {isa = PBXBuildFile; fileRef = D04EE1EF1ABFB9AD00AC8E65 /* ReactiveAnimation.h */; settings = {ATTRIBUTES = (Public, ); }; };
		D04EE24E1ABFBB6900AC8E65 /* LlamaKit.framework in Frameworks */ = {isa = PBXBuildFile; fileRef = D04EE24C1ABFBB6900AC8E65 /* LlamaKit.framework */; };
		D04EE24F1ABFBB6900AC8E65 /* ReactiveCocoa.framework in Frameworks */ = {isa = PBXBuildFile; fileRef = D04EE24D1ABFBB6900AC8E65 /* ReactiveCocoa.framework */; };
		D04EE2501ABFBB8500AC8E65 /* LlamaKit.framework in Frameworks */ = {isa = PBXBuildFile; fileRef = D04EE24C1ABFBB6900AC8E65 /* LlamaKit.framework */; };
		D04EE2511ABFBB8500AC8E65 /* ReactiveCocoa.framework in Frameworks */ = {isa = PBXBuildFile; fileRef = D04EE24D1ABFBB6900AC8E65 /* ReactiveCocoa.framework */; };
		D04EE2521ABFBB8900AC8E65 /* LlamaKit.framework in Frameworks */ = {isa = PBXBuildFile; fileRef = D04EE24C1ABFBB6900AC8E65 /* LlamaKit.framework */; };
		D04EE2531ABFBB8900AC8E65 /* ReactiveCocoa.framework in Frameworks */ = {isa = PBXBuildFile; fileRef = D04EE24D1ABFBB6900AC8E65 /* ReactiveCocoa.framework */; };
		D04EE2541ABFBB9100AC8E65 /* LlamaKit.framework in Frameworks */ = {isa = PBXBuildFile; fileRef = D04EE24C1ABFBB6900AC8E65 /* LlamaKit.framework */; };
		D04EE2551ABFBB9100AC8E65 /* ReactiveCocoa.framework in Frameworks */ = {isa = PBXBuildFile; fileRef = D04EE24D1ABFBB6900AC8E65 /* ReactiveCocoa.framework */; };
/* End PBXBuildFile section */

/* Begin PBXContainerItemProxy section */
		D04EE1F71ABFB9AD00AC8E65 /* PBXContainerItemProxy */ = {
			isa = PBXContainerItemProxy;
			containerPortal = D04EE1E11ABFB9AD00AC8E65 /* Project object */;
			proxyType = 1;
			remoteGlobalIDString = D04EE1E91ABFB9AD00AC8E65;
			remoteInfo = ReactiveAnimation;
		};
		D04EE22F1ABFBA1E00AC8E65 /* PBXContainerItemProxy */ = {
			isa = PBXContainerItemProxy;
			containerPortal = D04EE1E11ABFB9AD00AC8E65 /* Project object */;
			proxyType = 1;
			remoteGlobalIDString = D04EE2221ABFBA1E00AC8E65;
			remoteInfo = ReactiveAnimation;
		};
/* End PBXContainerItemProxy section */

/* Begin PBXFileReference section */
		D04EE1EA1ABFB9AD00AC8E65 /* ReactiveAnimation.framework */ = {isa = PBXFileReference; explicitFileType = wrapper.framework; includeInIndex = 0; path = ReactiveAnimation.framework; sourceTree = BUILT_PRODUCTS_DIR; };
		D04EE1EE1ABFB9AD00AC8E65 /* Info.plist */ = {isa = PBXFileReference; lastKnownFileType = text.plist.xml; path = Info.plist; sourceTree = "<group>"; };
		D04EE1EF1ABFB9AD00AC8E65 /* ReactiveAnimation.h */ = {isa = PBXFileReference; lastKnownFileType = sourcecode.c.h; path = ReactiveAnimation.h; sourceTree = "<group>"; };
		D04EE1F51ABFB9AD00AC8E65 /* ReactiveAnimation-MacTests.xctest */ = {isa = PBXFileReference; explicitFileType = wrapper.cfbundle; includeInIndex = 0; path = "ReactiveAnimation-MacTests.xctest"; sourceTree = BUILT_PRODUCTS_DIR; };
		D04EE1FB1ABFB9AD00AC8E65 /* Info.plist */ = {isa = PBXFileReference; lastKnownFileType = text.plist.xml; path = Info.plist; sourceTree = "<group>"; };
		D04EE1FC1ABFB9AD00AC8E65 /* ReactiveAnimationTests.m */ = {isa = PBXFileReference; lastKnownFileType = sourcecode.c.objc; path = ReactiveAnimationTests.m; sourceTree = "<group>"; };
		D04EE2081ABFB9E100AC8E65 /* Common.xcconfig */ = {isa = PBXFileReference; lastKnownFileType = text.xcconfig; path = Common.xcconfig; sourceTree = "<group>"; };
		D04EE20A1ABFB9E100AC8E65 /* Debug.xcconfig */ = {isa = PBXFileReference; lastKnownFileType = text.xcconfig; path = Debug.xcconfig; sourceTree = "<group>"; };
		D04EE20B1ABFB9E100AC8E65 /* Profile.xcconfig */ = {isa = PBXFileReference; lastKnownFileType = text.xcconfig; path = Profile.xcconfig; sourceTree = "<group>"; };
		D04EE20C1ABFB9E100AC8E65 /* Release.xcconfig */ = {isa = PBXFileReference; lastKnownFileType = text.xcconfig; path = Release.xcconfig; sourceTree = "<group>"; };
		D04EE20D1ABFB9E100AC8E65 /* Test.xcconfig */ = {isa = PBXFileReference; lastKnownFileType = text.xcconfig; path = Test.xcconfig; sourceTree = "<group>"; };
		D04EE20F1ABFB9E100AC8E65 /* Application.xcconfig */ = {isa = PBXFileReference; lastKnownFileType = text.xcconfig; path = Application.xcconfig; sourceTree = "<group>"; };
		D04EE2101ABFB9E100AC8E65 /* Framework.xcconfig */ = {isa = PBXFileReference; lastKnownFileType = text.xcconfig; path = Framework.xcconfig; sourceTree = "<group>"; };
		D04EE2111ABFB9E100AC8E65 /* StaticLibrary.xcconfig */ = {isa = PBXFileReference; lastKnownFileType = text.xcconfig; path = StaticLibrary.xcconfig; sourceTree = "<group>"; };
		D04EE2131ABFB9E100AC8E65 /* iOS-Application.xcconfig */ = {isa = PBXFileReference; lastKnownFileType = text.xcconfig; path = "iOS-Application.xcconfig"; sourceTree = "<group>"; };
		D04EE2141ABFB9E100AC8E65 /* iOS-Base.xcconfig */ = {isa = PBXFileReference; lastKnownFileType = text.xcconfig; path = "iOS-Base.xcconfig"; sourceTree = "<group>"; };
		D04EE2151ABFB9E100AC8E65 /* iOS-Framework.xcconfig */ = {isa = PBXFileReference; lastKnownFileType = text.xcconfig; path = "iOS-Framework.xcconfig"; sourceTree = "<group>"; };
		D04EE2161ABFB9E100AC8E65 /* iOS-StaticLibrary.xcconfig */ = {isa = PBXFileReference; lastKnownFileType = text.xcconfig; path = "iOS-StaticLibrary.xcconfig"; sourceTree = "<group>"; };
		D04EE2181ABFB9E100AC8E65 /* Mac-Application.xcconfig */ = {isa = PBXFileReference; lastKnownFileType = text.xcconfig; path = "Mac-Application.xcconfig"; sourceTree = "<group>"; };
		D04EE2191ABFB9E100AC8E65 /* Mac-Base.xcconfig */ = {isa = PBXFileReference; lastKnownFileType = text.xcconfig; path = "Mac-Base.xcconfig"; sourceTree = "<group>"; };
		D04EE21A1ABFB9E100AC8E65 /* Mac-DynamicLibrary.xcconfig */ = {isa = PBXFileReference; lastKnownFileType = text.xcconfig; path = "Mac-DynamicLibrary.xcconfig"; sourceTree = "<group>"; };
		D04EE21B1ABFB9E100AC8E65 /* Mac-Framework.xcconfig */ = {isa = PBXFileReference; lastKnownFileType = text.xcconfig; path = "Mac-Framework.xcconfig"; sourceTree = "<group>"; };
		D04EE21C1ABFB9E100AC8E65 /* Mac-StaticLibrary.xcconfig */ = {isa = PBXFileReference; lastKnownFileType = text.xcconfig; path = "Mac-StaticLibrary.xcconfig"; sourceTree = "<group>"; };
		D04EE21D1ABFB9E100AC8E65 /* README.md */ = {isa = PBXFileReference; lastKnownFileType = net.daringfireball.markdown; path = README.md; sourceTree = "<group>"; };
		D04EE2231ABFBA1E00AC8E65 /* ReactiveAnimation.framework */ = {isa = PBXFileReference; explicitFileType = wrapper.framework; includeInIndex = 0; path = ReactiveAnimation.framework; sourceTree = BUILT_PRODUCTS_DIR; };
		D04EE22D1ABFBA1E00AC8E65 /* ReactiveAnimation-iOSTests.xctest */ = {isa = PBXFileReference; explicitFileType = wrapper.cfbundle; includeInIndex = 0; path = "ReactiveAnimation-iOSTests.xctest"; sourceTree = BUILT_PRODUCTS_DIR; };
		D04EE24C1ABFBB6900AC8E65 /* LlamaKit.framework */ = {isa = PBXFileReference; lastKnownFileType = wrapper.framework; path = LlamaKit.framework; sourceTree = BUILT_PRODUCTS_DIR; };
		D04EE24D1ABFBB6900AC8E65 /* ReactiveCocoa.framework */ = {isa = PBXFileReference; lastKnownFileType = wrapper.framework; path = ReactiveCocoa.framework; sourceTree = BUILT_PRODUCTS_DIR; };
/* End PBXFileReference section */

/* Begin PBXFrameworksBuildPhase section */
		D04EE1E61ABFB9AD00AC8E65 /* Frameworks */ = {
			isa = PBXFrameworksBuildPhase;
			buildActionMask = 2147483647;
			files = (
				D04EE24E1ABFBB6900AC8E65 /* LlamaKit.framework in Frameworks */,
				D04EE24F1ABFBB6900AC8E65 /* ReactiveCocoa.framework in Frameworks */,
			);
			runOnlyForDeploymentPostprocessing = 0;
		};
		D04EE1F21ABFB9AD00AC8E65 /* Frameworks */ = {
			isa = PBXFrameworksBuildPhase;
			buildActionMask = 2147483647;
			files = (
				D04EE1F61ABFB9AD00AC8E65 /* ReactiveAnimation.framework in Frameworks */,
				D04EE2501ABFBB8500AC8E65 /* LlamaKit.framework in Frameworks */,
				D04EE2511ABFBB8500AC8E65 /* ReactiveCocoa.framework in Frameworks */,
			);
			runOnlyForDeploymentPostprocessing = 0;
		};
		D04EE21F1ABFBA1E00AC8E65 /* Frameworks */ = {
			isa = PBXFrameworksBuildPhase;
			buildActionMask = 2147483647;
			files = (
				D04EE2521ABFBB8900AC8E65 /* LlamaKit.framework in Frameworks */,
				D04EE2531ABFBB8900AC8E65 /* ReactiveCocoa.framework in Frameworks */,
			);
			runOnlyForDeploymentPostprocessing = 0;
		};
		D04EE22A1ABFBA1E00AC8E65 /* Frameworks */ = {
			isa = PBXFrameworksBuildPhase;
			buildActionMask = 2147483647;
			files = (
				D04EE22E1ABFBA1E00AC8E65 /* ReactiveAnimation.framework in Frameworks */,
				D04EE2541ABFBB9100AC8E65 /* LlamaKit.framework in Frameworks */,
				D04EE2551ABFBB9100AC8E65 /* ReactiveCocoa.framework in Frameworks */,
			);
			runOnlyForDeploymentPostprocessing = 0;
		};
/* End PBXFrameworksBuildPhase section */

/* Begin PBXGroup section */
		D04EE1E01ABFB9AD00AC8E65 = {
			isa = PBXGroup;
			children = (
				D04EE1EC1ABFB9AD00AC8E65 /* ReactiveAnimation */,
				D04EE1F91ABFB9AD00AC8E65 /* ReactiveAnimationTests */,
				D04EE2061ABFB9E100AC8E65 /* Configuration */,
				D04EE1EB1ABFB9AD00AC8E65 /* Products */,
			);
			sourceTree = "<group>";
		};
		D04EE1EB1ABFB9AD00AC8E65 /* Products */ = {
			isa = PBXGroup;
			children = (
				D04EE1EA1ABFB9AD00AC8E65 /* ReactiveAnimation.framework */,
				D04EE1F51ABFB9AD00AC8E65 /* ReactiveAnimation-MacTests.xctest */,
				D04EE2231ABFBA1E00AC8E65 /* ReactiveAnimation.framework */,
				D04EE22D1ABFBA1E00AC8E65 /* ReactiveAnimation-iOSTests.xctest */,
			);
			name = Products;
			sourceTree = "<group>";
		};
		D04EE1EC1ABFB9AD00AC8E65 /* ReactiveAnimation */ = {
			isa = PBXGroup;
			children = (
				D04EE1EF1ABFB9AD00AC8E65 /* ReactiveAnimation.h */,
				D04EE1ED1ABFB9AD00AC8E65 /* Supporting Files */,
			);
			path = ReactiveAnimation;
			sourceTree = "<group>";
		};
		D04EE1ED1ABFB9AD00AC8E65 /* Supporting Files */ = {
			isa = PBXGroup;
			children = (
				D04EE24C1ABFBB6900AC8E65 /* LlamaKit.framework */,
				D04EE24D1ABFBB6900AC8E65 /* ReactiveCocoa.framework */,
				D04EE1EE1ABFB9AD00AC8E65 /* Info.plist */,
			);
			name = "Supporting Files";
			sourceTree = "<group>";
		};
		D04EE1F91ABFB9AD00AC8E65 /* ReactiveAnimationTests */ = {
			isa = PBXGroup;
			children = (
				D04EE1FC1ABFB9AD00AC8E65 /* ReactiveAnimationTests.m */,
				D04EE1FA1ABFB9AD00AC8E65 /* Supporting Files */,
			);
			path = ReactiveAnimationTests;
			sourceTree = "<group>";
		};
		D04EE1FA1ABFB9AD00AC8E65 /* Supporting Files */ = {
			isa = PBXGroup;
			children = (
				D04EE1FB1ABFB9AD00AC8E65 /* Info.plist */,
			);
			name = "Supporting Files";
			sourceTree = "<group>";
		};
		D04EE2061ABFB9E100AC8E65 /* Configuration */ = {
			isa = PBXGroup;
			children = (
				D04EE2071ABFB9E100AC8E65 /* Base */,
				D04EE2121ABFB9E100AC8E65 /* iOS */,
				D04EE2171ABFB9E100AC8E65 /* Mac OS X */,
				D04EE21D1ABFB9E100AC8E65 /* README.md */,
			);
			name = Configuration;
			path = Carthage/Checkouts/xcconfigs;
			sourceTree = "<group>";
		};
		D04EE2071ABFB9E100AC8E65 /* Base */ = {
			isa = PBXGroup;
			children = (
				D04EE2081ABFB9E100AC8E65 /* Common.xcconfig */,
				D04EE2091ABFB9E100AC8E65 /* Configurations */,
				D04EE20E1ABFB9E100AC8E65 /* Targets */,
			);
			path = Base;
			sourceTree = "<group>";
		};
		D04EE2091ABFB9E100AC8E65 /* Configurations */ = {
			isa = PBXGroup;
			children = (
				D04EE20A1ABFB9E100AC8E65 /* Debug.xcconfig */,
				D04EE20B1ABFB9E100AC8E65 /* Profile.xcconfig */,
				D04EE20C1ABFB9E100AC8E65 /* Release.xcconfig */,
				D04EE20D1ABFB9E100AC8E65 /* Test.xcconfig */,
			);
			path = Configurations;
			sourceTree = "<group>";
		};
		D04EE20E1ABFB9E100AC8E65 /* Targets */ = {
			isa = PBXGroup;
			children = (
				D04EE20F1ABFB9E100AC8E65 /* Application.xcconfig */,
				D04EE2101ABFB9E100AC8E65 /* Framework.xcconfig */,
				D04EE2111ABFB9E100AC8E65 /* StaticLibrary.xcconfig */,
			);
			path = Targets;
			sourceTree = "<group>";
		};
		D04EE2121ABFB9E100AC8E65 /* iOS */ = {
			isa = PBXGroup;
			children = (
				D04EE2131ABFB9E100AC8E65 /* iOS-Application.xcconfig */,
				D04EE2141ABFB9E100AC8E65 /* iOS-Base.xcconfig */,
				D04EE2151ABFB9E100AC8E65 /* iOS-Framework.xcconfig */,
				D04EE2161ABFB9E100AC8E65 /* iOS-StaticLibrary.xcconfig */,
			);
			path = iOS;
			sourceTree = "<group>";
		};
		D04EE2171ABFB9E100AC8E65 /* Mac OS X */ = {
			isa = PBXGroup;
			children = (
				D04EE2181ABFB9E100AC8E65 /* Mac-Application.xcconfig */,
				D04EE2191ABFB9E100AC8E65 /* Mac-Base.xcconfig */,
				D04EE21A1ABFB9E100AC8E65 /* Mac-DynamicLibrary.xcconfig */,
				D04EE21B1ABFB9E100AC8E65 /* Mac-Framework.xcconfig */,
				D04EE21C1ABFB9E100AC8E65 /* Mac-StaticLibrary.xcconfig */,
			);
			path = "Mac OS X";
			sourceTree = "<group>";
		};
/* End PBXGroup section */

/* Begin PBXHeadersBuildPhase section */
		D04EE1E71ABFB9AD00AC8E65 /* Headers */ = {
			isa = PBXHeadersBuildPhase;
			buildActionMask = 2147483647;
			files = (
				D04EE1F01ABFB9AD00AC8E65 /* ReactiveAnimation.h in Headers */,
			);
			runOnlyForDeploymentPostprocessing = 0;
		};
		D04EE2201ABFBA1E00AC8E65 /* Headers */ = {
			isa = PBXHeadersBuildPhase;
			buildActionMask = 2147483647;
			files = (
				D04EE2471ABFBB0400AC8E65 /* ReactiveAnimation.h in Headers */,
			);
			runOnlyForDeploymentPostprocessing = 0;
		};
/* End PBXHeadersBuildPhase section */

/* Begin PBXNativeTarget section */
		D04EE1E91ABFB9AD00AC8E65 /* ReactiveAnimation-Mac */ = {
			isa = PBXNativeTarget;
			buildConfigurationList = D04EE2001ABFB9AD00AC8E65 /* Build configuration list for PBXNativeTarget "ReactiveAnimation-Mac" */;
			buildPhases = (
				D04EE1E51ABFB9AD00AC8E65 /* Sources */,
				D04EE1E61ABFB9AD00AC8E65 /* Frameworks */,
				D04EE1E71ABFB9AD00AC8E65 /* Headers */,
				D04EE1E81ABFB9AD00AC8E65 /* Resources */,
			);
			buildRules = (
			);
			dependencies = (
			);
			name = "ReactiveAnimation-Mac";
			productName = ReactiveAnimation;
			productReference = D04EE1EA1ABFB9AD00AC8E65 /* ReactiveAnimation.framework */;
			productType = "com.apple.product-type.framework";
		};
		D04EE1F41ABFB9AD00AC8E65 /* ReactiveAnimation-MacTests */ = {
			isa = PBXNativeTarget;
			buildConfigurationList = D04EE2031ABFB9AD00AC8E65 /* Build configuration list for PBXNativeTarget "ReactiveAnimation-MacTests" */;
			buildPhases = (
				D04EE1F11ABFB9AD00AC8E65 /* Sources */,
				D04EE1F21ABFB9AD00AC8E65 /* Frameworks */,
				D04EE1F31ABFB9AD00AC8E65 /* Resources */,
			);
			buildRules = (
			);
			dependencies = (
				D04EE1F81ABFB9AD00AC8E65 /* PBXTargetDependency */,
			);
			name = "ReactiveAnimation-MacTests";
			productName = ReactiveAnimationTests;
			productReference = D04EE1F51ABFB9AD00AC8E65 /* ReactiveAnimation-MacTests.xctest */;
			productType = "com.apple.product-type.bundle.unit-test";
		};
		D04EE2221ABFBA1E00AC8E65 /* ReactiveAnimation-iOS */ = {
			isa = PBXNativeTarget;
			buildConfigurationList = D04EE2361ABFBA1E00AC8E65 /* Build configuration list for PBXNativeTarget "ReactiveAnimation-iOS" */;
			buildPhases = (
				D04EE21E1ABFBA1E00AC8E65 /* Sources */,
				D04EE21F1ABFBA1E00AC8E65 /* Frameworks */,
				D04EE2201ABFBA1E00AC8E65 /* Headers */,
				D04EE2211ABFBA1E00AC8E65 /* Resources */,
			);
			buildRules = (
			);
			dependencies = (
			);
			name = "ReactiveAnimation-iOS";
			productName = ReactiveAnimation;
			productReference = D04EE2231ABFBA1E00AC8E65 /* ReactiveAnimation.framework */;
			productType = "com.apple.product-type.framework";
		};
		D04EE22C1ABFBA1E00AC8E65 /* ReactiveAnimation-iOSTests */ = {
			isa = PBXNativeTarget;
			buildConfigurationList = D04EE2391ABFBA1E00AC8E65 /* Build configuration list for PBXNativeTarget "ReactiveAnimation-iOSTests" */;
			buildPhases = (
				D04EE2291ABFBA1E00AC8E65 /* Sources */,
				D04EE22A1ABFBA1E00AC8E65 /* Frameworks */,
				D04EE22B1ABFBA1E00AC8E65 /* Resources */,
			);
			buildRules = (
			);
			dependencies = (
				D04EE2301ABFBA1E00AC8E65 /* PBXTargetDependency */,
			);
			name = "ReactiveAnimation-iOSTests";
			productName = ReactiveAnimationTests;
			productReference = D04EE22D1ABFBA1E00AC8E65 /* ReactiveAnimation-iOSTests.xctest */;
			productType = "com.apple.product-type.bundle.unit-test";
		};
/* End PBXNativeTarget section */

/* Begin PBXProject section */
		D04EE1E11ABFB9AD00AC8E65 /* Project object */ = {
			isa = PBXProject;
			attributes = {
				CLASSPREFIX = RAN;
				LastUpgradeCheck = 0630;
				ORGANIZATIONNAME = ReactiveCocoa;
				TargetAttributes = {
					D04EE1E91ABFB9AD00AC8E65 = {
						CreatedOnToolsVersion = 6.3;
					};
					D04EE1F41ABFB9AD00AC8E65 = {
						CreatedOnToolsVersion = 6.3;
					};
					D04EE2221ABFBA1E00AC8E65 = {
						CreatedOnToolsVersion = 6.3;
					};
					D04EE22C1ABFBA1E00AC8E65 = {
						CreatedOnToolsVersion = 6.3;
					};
				};
			};
			buildConfigurationList = D04EE1E41ABFB9AD00AC8E65 /* Build configuration list for PBXProject "ReactiveAnimation" */;
			compatibilityVersion = "Xcode 3.2";
			developmentRegion = English;
			hasScannedForEncodings = 0;
			knownRegions = (
				en,
			);
			mainGroup = D04EE1E01ABFB9AD00AC8E65;
			productRefGroup = D04EE1EB1ABFB9AD00AC8E65 /* Products */;
			projectDirPath = "";
			projectRoot = "";
			targets = (
				D04EE1E91ABFB9AD00AC8E65 /* ReactiveAnimation-Mac */,
				D04EE1F41ABFB9AD00AC8E65 /* ReactiveAnimation-MacTests */,
				D04EE2221ABFBA1E00AC8E65 /* ReactiveAnimation-iOS */,
				D04EE22C1ABFBA1E00AC8E65 /* ReactiveAnimation-iOSTests */,
			);
		};
/* End PBXProject section */

/* Begin PBXResourcesBuildPhase section */
		D04EE1E81ABFB9AD00AC8E65 /* Resources */ = {
			isa = PBXResourcesBuildPhase;
			buildActionMask = 2147483647;
			files = (
			);
			runOnlyForDeploymentPostprocessing = 0;
		};
		D04EE1F31ABFB9AD00AC8E65 /* Resources */ = {
			isa = PBXResourcesBuildPhase;
			buildActionMask = 2147483647;
			files = (
			);
			runOnlyForDeploymentPostprocessing = 0;
		};
		D04EE2211ABFBA1E00AC8E65 /* Resources */ = {
			isa = PBXResourcesBuildPhase;
			buildActionMask = 2147483647;
			files = (
			);
			runOnlyForDeploymentPostprocessing = 0;
		};
		D04EE22B1ABFBA1E00AC8E65 /* Resources */ = {
			isa = PBXResourcesBuildPhase;
			buildActionMask = 2147483647;
			files = (
			);
			runOnlyForDeploymentPostprocessing = 0;
		};
/* End PBXResourcesBuildPhase section */

/* Begin PBXSourcesBuildPhase section */
		D04EE1E51ABFB9AD00AC8E65 /* Sources */ = {
			isa = PBXSourcesBuildPhase;
			buildActionMask = 2147483647;
			files = (
			);
			runOnlyForDeploymentPostprocessing = 0;
		};
		D04EE1F11ABFB9AD00AC8E65 /* Sources */ = {
			isa = PBXSourcesBuildPhase;
			buildActionMask = 2147483647;
			files = (
				D04EE1FD1ABFB9AD00AC8E65 /* ReactiveAnimationTests.m in Sources */,
			);
			runOnlyForDeploymentPostprocessing = 0;
		};
		D04EE21E1ABFBA1E00AC8E65 /* Sources */ = {
			isa = PBXSourcesBuildPhase;
			buildActionMask = 2147483647;
			files = (
			);
			runOnlyForDeploymentPostprocessing = 0;
		};
		D04EE2291ABFBA1E00AC8E65 /* Sources */ = {
			isa = PBXSourcesBuildPhase;
			buildActionMask = 2147483647;
			files = (
				D04EE2461ABFBB0200AC8E65 /* ReactiveAnimationTests.m in Sources */,
			);
			runOnlyForDeploymentPostprocessing = 0;
		};
/* End PBXSourcesBuildPhase section */

/* Begin PBXTargetDependency section */
		D04EE1F81ABFB9AD00AC8E65 /* PBXTargetDependency */ = {
			isa = PBXTargetDependency;
			target = D04EE1E91ABFB9AD00AC8E65 /* ReactiveAnimation-Mac */;
			targetProxy = D04EE1F71ABFB9AD00AC8E65 /* PBXContainerItemProxy */;
		};
		D04EE2301ABFBA1E00AC8E65 /* PBXTargetDependency */ = {
			isa = PBXTargetDependency;
			target = D04EE2221ABFBA1E00AC8E65 /* ReactiveAnimation-iOS */;
			targetProxy = D04EE22F1ABFBA1E00AC8E65 /* PBXContainerItemProxy */;
		};
/* End PBXTargetDependency section */

/* Begin XCBuildConfiguration section */
		D04EE1FE1ABFB9AD00AC8E65 /* Debug */ = {
			isa = XCBuildConfiguration;
			baseConfigurationReference = D04EE20A1ABFB9E100AC8E65 /* Debug.xcconfig */;
			buildSettings = {
				CURRENT_PROJECT_VERSION = 1;
				IPHONEOS_DEPLOYMENT_TARGET = 8.0;
				MACOSX_DEPLOYMENT_TARGET = 10.9;
				PRODUCT_NAME = "$(PROJECT_NAME)";
				TARGETED_DEVICE_FAMILY = "1,2";
				VERSIONING_SYSTEM = "apple-generic";
				VERSION_INFO_PREFIX = "";
			};
			name = Debug;
		};
		D04EE1FF1ABFB9AD00AC8E65 /* Release */ = {
			isa = XCBuildConfiguration;
			baseConfigurationReference = D04EE20C1ABFB9E100AC8E65 /* Release.xcconfig */;
			buildSettings = {
				CURRENT_PROJECT_VERSION = 1;
				IPHONEOS_DEPLOYMENT_TARGET = 8.0;
				MACOSX_DEPLOYMENT_TARGET = 10.9;
				PRODUCT_NAME = "$(PROJECT_NAME)";
				TARGETED_DEVICE_FAMILY = "1,2";
				VERSIONING_SYSTEM = "apple-generic";
				VERSION_INFO_PREFIX = "";
			};
			name = Release;
		};
		D04EE2011ABFB9AD00AC8E65 /* Debug */ = {
			isa = XCBuildConfiguration;
			baseConfigurationReference = D04EE21B1ABFB9E100AC8E65 /* Mac-Framework.xcconfig */;
			buildSettings = {
				DYLIB_COMPATIBILITY_VERSION = 1;
				DYLIB_CURRENT_VERSION = 1;
				FRAMEWORK_VERSION = A;
				INFOPLIST_FILE = ReactiveAnimation/Info.plist;
			};
			name = Debug;
		};
		D04EE2021ABFB9AD00AC8E65 /* Release */ = {
			isa = XCBuildConfiguration;
			baseConfigurationReference = D04EE21B1ABFB9E100AC8E65 /* Mac-Framework.xcconfig */;
			buildSettings = {
				DYLIB_COMPATIBILITY_VERSION = 1;
				DYLIB_CURRENT_VERSION = 1;
				FRAMEWORK_VERSION = A;
				INFOPLIST_FILE = ReactiveAnimation/Info.plist;
			};
			name = Release;
		};
		D04EE2041ABFB9AD00AC8E65 /* Debug */ = {
			isa = XCBuildConfiguration;
			baseConfigurationReference = D04EE2181ABFB9E100AC8E65 /* Mac-Application.xcconfig */;
			buildSettings = {
				FRAMEWORK_SEARCH_PATHS = (
					"$(DEVELOPER_FRAMEWORKS_DIR)",
					"$(inherited)",
				);
				INFOPLIST_FILE = ReactiveAnimationTests/Info.plist;
				PRODUCT_NAME = "$(TARGET_NAME)";
			};
			name = Debug;
		};
		D04EE2051ABFB9AD00AC8E65 /* Release */ = {
			isa = XCBuildConfiguration;
			baseConfigurationReference = D04EE2181ABFB9E100AC8E65 /* Mac-Application.xcconfig */;
			buildSettings = {
				FRAMEWORK_SEARCH_PATHS = (
					"$(DEVELOPER_FRAMEWORKS_DIR)",
					"$(inherited)",
				);
				INFOPLIST_FILE = ReactiveAnimationTests/Info.plist;
				PRODUCT_NAME = "$(TARGET_NAME)";
			};
			name = Release;
		};
		D04EE2371ABFBA1E00AC8E65 /* Debug */ = {
			isa = XCBuildConfiguration;
			baseConfigurationReference = D04EE2151ABFB9E100AC8E65 /* iOS-Framework.xcconfig */;
			buildSettings = {
				"CODE_SIGN_IDENTITY[sdk=iphoneos*]" = "iPhone Developer";
				DYLIB_COMPATIBILITY_VERSION = 1;
				DYLIB_CURRENT_VERSION = 1;
				INFOPLIST_FILE = ReactiveAnimation/Info.plist;
			};
			name = Debug;
		};
		D04EE2381ABFBA1E00AC8E65 /* Release */ = {
			isa = XCBuildConfiguration;
			baseConfigurationReference = D04EE2151ABFB9E100AC8E65 /* iOS-Framework.xcconfig */;
			buildSettings = {
				"CODE_SIGN_IDENTITY[sdk=iphoneos*]" = "iPhone Developer";
				DYLIB_COMPATIBILITY_VERSION = 1;
				DYLIB_CURRENT_VERSION = 1;
				INFOPLIST_FILE = ReactiveAnimation/Info.plist;
			};
			name = Release;
		};
		D04EE23A1ABFBA1E00AC8E65 /* Debug */ = {
			isa = XCBuildConfiguration;
			baseConfigurationReference = D04EE2131ABFB9E100AC8E65 /* iOS-Application.xcconfig */;
			buildSettings = {
				"CODE_SIGN_IDENTITY[sdk=iphoneos*]" = "iPhone Developer";
				FRAMEWORK_SEARCH_PATHS = (
					"$(SDKROOT)/Developer/Library/Frameworks",
					"$(inherited)",
				);
				INFOPLIST_FILE = ReactiveAnimationTests/Info.plist;
				PRODUCT_NAME = "$(TARGET_NAME)";
			};
			name = Debug;
		};
		D04EE23B1ABFBA1E00AC8E65 /* Release */ = {
			isa = XCBuildConfiguration;
			baseConfigurationReference = D04EE2131ABFB9E100AC8E65 /* iOS-Application.xcconfig */;
			buildSettings = {
				"CODE_SIGN_IDENTITY[sdk=iphoneos*]" = "iPhone Developer";
				FRAMEWORK_SEARCH_PATHS = (
					"$(SDKROOT)/Developer/Library/Frameworks",
					"$(inherited)",
				);
				INFOPLIST_FILE = ReactiveAnimationTests/Info.plist;
				PRODUCT_NAME = "$(TARGET_NAME)";
			};
			name = Release;
		};
		D04EE23C1ABFBA8800AC8E65 /* Profile */ = {
			isa = XCBuildConfiguration;
			baseConfigurationReference = D04EE20B1ABFB9E100AC8E65 /* Profile.xcconfig */;
			buildSettings = {
				CURRENT_PROJECT_VERSION = 1;
				IPHONEOS_DEPLOYMENT_TARGET = 8.0;
				MACOSX_DEPLOYMENT_TARGET = 10.9;
				PRODUCT_NAME = "$(PROJECT_NAME)";
				TARGETED_DEVICE_FAMILY = "1,2";
				VERSIONING_SYSTEM = "apple-generic";
				VERSION_INFO_PREFIX = "";
			};
			name = Profile;
		};
		D04EE23D1ABFBA8800AC8E65 /* Profile */ = {
			isa = XCBuildConfiguration;
			baseConfigurationReference = D04EE21B1ABFB9E100AC8E65 /* Mac-Framework.xcconfig */;
			buildSettings = {
				DYLIB_COMPATIBILITY_VERSION = 1;
				DYLIB_CURRENT_VERSION = 1;
				FRAMEWORK_VERSION = A;
				INFOPLIST_FILE = ReactiveAnimation/Info.plist;
			};
			name = Profile;
		};
		D04EE23E1ABFBA8800AC8E65 /* Profile */ = {
			isa = XCBuildConfiguration;
			baseConfigurationReference = D04EE2181ABFB9E100AC8E65 /* Mac-Application.xcconfig */;
			buildSettings = {
				FRAMEWORK_SEARCH_PATHS = (
					"$(DEVELOPER_FRAMEWORKS_DIR)",
					"$(inherited)",
				);
				INFOPLIST_FILE = ReactiveAnimationTests/Info.plist;
				PRODUCT_NAME = "$(TARGET_NAME)";
			};
			name = Profile;
		};
		D04EE23F1ABFBA8800AC8E65 /* Profile */ = {
			isa = XCBuildConfiguration;
			baseConfigurationReference = D04EE2151ABFB9E100AC8E65 /* iOS-Framework.xcconfig */;
			buildSettings = {
				"CODE_SIGN_IDENTITY[sdk=iphoneos*]" = "iPhone Developer";
				DYLIB_COMPATIBILITY_VERSION = 1;
				DYLIB_CURRENT_VERSION = 1;
				INFOPLIST_FILE = ReactiveAnimation/Info.plist;
			};
			name = Profile;
		};
		D04EE2401ABFBA8800AC8E65 /* Profile */ = {
			isa = XCBuildConfiguration;
			baseConfigurationReference = D04EE2131ABFB9E100AC8E65 /* iOS-Application.xcconfig */;
			buildSettings = {
				"CODE_SIGN_IDENTITY[sdk=iphoneos*]" = "iPhone Developer";
				FRAMEWORK_SEARCH_PATHS = (
					"$(SDKROOT)/Developer/Library/Frameworks",
					"$(inherited)",
				);
				INFOPLIST_FILE = ReactiveAnimationTests/Info.plist;
				PRODUCT_NAME = "$(TARGET_NAME)";
			};
			name = Profile;
		};
		D04EE2411ABFBA8D00AC8E65 /* Test */ = {
			isa = XCBuildConfiguration;
			baseConfigurationReference = D04EE20D1ABFB9E100AC8E65 /* Test.xcconfig */;
			buildSettings = {
				CURRENT_PROJECT_VERSION = 1;
				IPHONEOS_DEPLOYMENT_TARGET = 8.0;
				MACOSX_DEPLOYMENT_TARGET = 10.9;
				PRODUCT_NAME = "$(PROJECT_NAME)";
				TARGETED_DEVICE_FAMILY = "1,2";
				VERSIONING_SYSTEM = "apple-generic";
				VERSION_INFO_PREFIX = "";
			};
			name = Test;
		};
		D04EE2421ABFBA8D00AC8E65 /* Test */ = {
			isa = XCBuildConfiguration;
			baseConfigurationReference = D04EE21B1ABFB9E100AC8E65 /* Mac-Framework.xcconfig */;
			buildSettings = {
				DYLIB_COMPATIBILITY_VERSION = 1;
				DYLIB_CURRENT_VERSION = 1;
				FRAMEWORK_VERSION = A;
				INFOPLIST_FILE = ReactiveAnimation/Info.plist;
			};
			name = Test;
		};
		D04EE2431ABFBA8D00AC8E65 /* Test */ = {
			isa = XCBuildConfiguration;
			baseConfigurationReference = D04EE2181ABFB9E100AC8E65 /* Mac-Application.xcconfig */;
			buildSettings = {
				FRAMEWORK_SEARCH_PATHS = (
					"$(DEVELOPER_FRAMEWORKS_DIR)",
					"$(inherited)",
				);
				INFOPLIST_FILE = ReactiveAnimationTests/Info.plist;
				PRODUCT_NAME = "$(TARGET_NAME)";
			};
			name = Test;
		};
		D04EE2441ABFBA8D00AC8E65 /* Test */ = {
			isa = XCBuildConfiguration;
			baseConfigurationReference = D04EE2151ABFB9E100AC8E65 /* iOS-Framework.xcconfig */;
			buildSettings = {
				"CODE_SIGN_IDENTITY[sdk=iphoneos*]" = "iPhone Developer";
				DYLIB_COMPATIBILITY_VERSION = 1;
				DYLIB_CURRENT_VERSION = 1;
				INFOPLIST_FILE = ReactiveAnimation/Info.plist;
			};
			name = Test;
		};
		D04EE2451ABFBA8D00AC8E65 /* Test */ = {
			isa = XCBuildConfiguration;
			baseConfigurationReference = D04EE2131ABFB9E100AC8E65 /* iOS-Application.xcconfig */;
			buildSettings = {
				"CODE_SIGN_IDENTITY[sdk=iphoneos*]" = "iPhone Developer";
				FRAMEWORK_SEARCH_PATHS = (
					"$(SDKROOT)/Developer/Library/Frameworks",
					"$(inherited)",
				);
				INFOPLIST_FILE = ReactiveAnimationTests/Info.plist;
				PRODUCT_NAME = "$(TARGET_NAME)";
			};
			name = Test;
		};
/* End XCBuildConfiguration section */

/* Begin XCConfigurationList section */
		D04EE1E41ABFB9AD00AC8E65 /* Build configuration list for PBXProject "ReactiveAnimation" */ = {
			isa = XCConfigurationList;
			buildConfigurations = (
				D04EE1FE1ABFB9AD00AC8E65 /* Debug */,
				D04EE2411ABFBA8D00AC8E65 /* Test */,
				D04EE1FF1ABFB9AD00AC8E65 /* Release */,
				D04EE23C1ABFBA8800AC8E65 /* Profile */,
			);
			defaultConfigurationIsVisible = 0;
			defaultConfigurationName = Release;
		};
		D04EE2001ABFB9AD00AC8E65 /* Build configuration list for PBXNativeTarget "ReactiveAnimation-Mac" */ = {
			isa = XCConfigurationList;
			buildConfigurations = (
				D04EE2011ABFB9AD00AC8E65 /* Debug */,
				D04EE2421ABFBA8D00AC8E65 /* Test */,
				D04EE2021ABFB9AD00AC8E65 /* Release */,
				D04EE23D1ABFBA8800AC8E65 /* Profile */,
			);
			defaultConfigurationIsVisible = 0;
			defaultConfigurationName = Release;
		};
		D04EE2031ABFB9AD00AC8E65 /* Build configuration list for PBXNativeTarget "ReactiveAnimation-MacTests" */ = {
			isa = XCConfigurationList;
			buildConfigurations = (
				D04EE2041ABFB9AD00AC8E65 /* Debug */,
				D04EE2431ABFBA8D00AC8E65 /* Test */,
				D04EE2051ABFB9AD00AC8E65 /* Release */,
				D04EE23E1ABFBA8800AC8E65 /* Profile */,
			);
			defaultConfigurationIsVisible = 0;
			defaultConfigurationName = Release;
		};
		D04EE2361ABFBA1E00AC8E65 /* Build configuration list for PBXNativeTarget "ReactiveAnimation-iOS" */ = {
			isa = XCConfigurationList;
			buildConfigurations = (
				D04EE2371ABFBA1E00AC8E65 /* Debug */,
				D04EE2441ABFBA8D00AC8E65 /* Test */,
				D04EE2381ABFBA1E00AC8E65 /* Release */,
				D04EE23F1ABFBA8800AC8E65 /* Profile */,
			);
			defaultConfigurationIsVisible = 0;
		};
		D04EE2391ABFBA1E00AC8E65 /* Build configuration list for PBXNativeTarget "ReactiveAnimation-iOSTests" */ = {
			isa = XCConfigurationList;
			buildConfigurations = (
				D04EE23A1ABFBA1E00AC8E65 /* Debug */,
				D04EE2451ABFBA8D00AC8E65 /* Test */,
				D04EE23B1ABFBA1E00AC8E65 /* Release */,
				D04EE2401ABFBA8800AC8E65 /* Profile */,
			);
			defaultConfigurationIsVisible = 0;
		};
/* End XCConfigurationList section */
	};
	rootObject = D04EE1E11ABFB9AD00AC8E65 /* Project object */;
}
