// !$*UTF8*$!
{
	archiveVersion = 1;
	classes = {
	};
	objectVersion = 48;
	objects = {

/* Begin PBXBuildFile section */
		2157F5521EF444DB0057F2B2 /* ReactiveAnimation.framework in Frameworks */ = {isa = PBXBuildFile; fileRef = 2157F54F1EF444CC0057F2B2 /* ReactiveAnimation.framework */; };
		2157F5531EF444DB0057F2B2 /* ReactiveAnimation.framework in Embed Frameworks */ = {isa = PBXBuildFile; fileRef = 2157F54F1EF444CC0057F2B2 /* ReactiveAnimation.framework */; settings = {ATTRIBUTES = (CodeSignOnCopy, RemoveHeadersOnCopy, ); }; };
		2157F5571EF444DE0057F2B2 /* ReactiveCocoa.framework in Frameworks */ = {isa = PBXBuildFile; fileRef = 2157F5561EF444DE0057F2B2 /* ReactiveCocoa.framework */; };
		2157F5581EF444DE0057F2B2 /* ReactiveCocoa.framework in Embed Frameworks */ = {isa = PBXBuildFile; fileRef = 2157F5561EF444DE0057F2B2 /* ReactiveCocoa.framework */; settings = {ATTRIBUTES = (CodeSignOnCopy, RemoveHeadersOnCopy, ); }; };
		2157F55A1EF444E40057F2B2 /* ReactiveSwift.framework in Frameworks */ = {isa = PBXBuildFile; fileRef = 2157F5591EF444E40057F2B2 /* ReactiveSwift.framework */; };
		2157F55B1EF444E40057F2B2 /* ReactiveSwift.framework in Embed Frameworks */ = {isa = PBXBuildFile; fileRef = 2157F5591EF444E40057F2B2 /* ReactiveSwift.framework */; settings = {ATTRIBUTES = (CodeSignOnCopy, RemoveHeadersOnCopy, ); }; };
		2157F55D1EF444ED0057F2B2 /* Result.framework in Frameworks */ = {isa = PBXBuildFile; fileRef = 2157F55C1EF444ED0057F2B2 /* Result.framework */; };
		2157F55E1EF444ED0057F2B2 /* Result.framework in Embed Frameworks */ = {isa = PBXBuildFile; fileRef = 2157F55C1EF444ED0057F2B2 /* Result.framework */; settings = {ATTRIBUTES = (CodeSignOnCopy, RemoveHeadersOnCopy, ); }; };
		215BF0521EF43CB4006A9B71 /* AppDelegate.swift in Sources */ = {isa = PBXBuildFile; fileRef = 215BF0511EF43CB4006A9B71 /* AppDelegate.swift */; };
		215BF0541EF43CB4006A9B71 /* ViewController.swift in Sources */ = {isa = PBXBuildFile; fileRef = 215BF0531EF43CB4006A9B71 /* ViewController.swift */; };
		215BF0571EF43CB4006A9B71 /* Main.storyboard in Resources */ = {isa = PBXBuildFile; fileRef = 215BF0551EF43CB4006A9B71 /* Main.storyboard */; };
		215BF0591EF43CB4006A9B71 /* Assets.xcassets in Resources */ = {isa = PBXBuildFile; fileRef = 215BF0581EF43CB4006A9B71 /* Assets.xcassets */; };
		215BF05C1EF43CB4006A9B71 /* LaunchScreen.storyboard in Resources */ = {isa = PBXBuildFile; fileRef = 215BF05A1EF43CB4006A9B71 /* LaunchScreen.storyboard */; };
/* End PBXBuildFile section */

/* Begin PBXContainerItemProxy section */
		2157F54A1EF444CC0057F2B2 /* PBXContainerItemProxy */ = {
			isa = PBXContainerItemProxy;
			containerPortal = 2157F5401EF444CC0057F2B2 /* ReactiveAnimation.xcodeproj */;
			proxyType = 2;
			remoteGlobalIDString = D04EE1EA1ABFB9AD00AC8E65;
			remoteInfo = "ReactiveAnimation-Mac";
		};
		2157F54C1EF444CC0057F2B2 /* PBXContainerItemProxy */ = {
			isa = PBXContainerItemProxy;
			containerPortal = 2157F5401EF444CC0057F2B2 /* ReactiveAnimation.xcodeproj */;
			proxyType = 2;
			remoteGlobalIDString = D04EE1F51ABFB9AD00AC8E65;
			remoteInfo = "ReactiveAnimation-MacTests";
		};
		2157F54E1EF444CC0057F2B2 /* PBXContainerItemProxy */ = {
			isa = PBXContainerItemProxy;
			containerPortal = 2157F5401EF444CC0057F2B2 /* ReactiveAnimation.xcodeproj */;
			proxyType = 2;
			remoteGlobalIDString = D04EE2231ABFBA1E00AC8E65;
			remoteInfo = "ReactiveAnimation-iOS";
		};
		2157F5501EF444CC0057F2B2 /* PBXContainerItemProxy */ = {
			isa = PBXContainerItemProxy;
			containerPortal = 2157F5401EF444CC0057F2B2 /* ReactiveAnimation.xcodeproj */;
			proxyType = 2;
			remoteGlobalIDString = D04EE22D1ABFBA1E00AC8E65;
			remoteInfo = "ReactiveAnimation-iOSTests";
		};
		2157F5541EF444DB0057F2B2 /* PBXContainerItemProxy */ = {
			isa = PBXContainerItemProxy;
			containerPortal = 2157F5401EF444CC0057F2B2 /* ReactiveAnimation.xcodeproj */;
			proxyType = 1;
			remoteGlobalIDString = D04EE2221ABFBA1E00AC8E65;
			remoteInfo = "ReactiveAnimation-iOS";
		};
/* End PBXContainerItemProxy section */

/* Begin PBXCopyFilesBuildPhase section */
		215BF08A1EF441CB006A9B71 /* Embed Frameworks */ = {
			isa = PBXCopyFilesBuildPhase;
			buildActionMask = 2147483647;
			dstPath = "";
			dstSubfolderSpec = 10;
			files = (
				2157F5531EF444DB0057F2B2 /* ReactiveAnimation.framework in Embed Frameworks */,
				2157F5581EF444DE0057F2B2 /* ReactiveCocoa.framework in Embed Frameworks */,
				2157F55B1EF444E40057F2B2 /* ReactiveSwift.framework in Embed Frameworks */,
				2157F55E1EF444ED0057F2B2 /* Result.framework in Embed Frameworks */,
			);
			name = "Embed Frameworks";
			runOnlyForDeploymentPostprocessing = 0;
		};
/* End PBXCopyFilesBuildPhase section */

/* Begin PBXFileReference section */
		2157F5401EF444CC0057F2B2 /* ReactiveAnimation.xcodeproj */ = {isa = PBXFileReference; lastKnownFileType = "wrapper.pb-project"; name = ReactiveAnimation.xcodeproj; path = ../ReactiveAnimation.xcodeproj; sourceTree = "<group>"; };
		2157F5561EF444DE0057F2B2 /* ReactiveCocoa.framework */ = {isa = PBXFileReference; explicitFileType = wrapper.framework; path = ReactiveCocoa.framework; sourceTree = BUILT_PRODUCTS_DIR; };
		2157F5591EF444E40057F2B2 /* ReactiveSwift.framework */ = {isa = PBXFileReference; explicitFileType = wrapper.framework; path = ReactiveSwift.framework; sourceTree = BUILT_PRODUCTS_DIR; };
		2157F55C1EF444ED0057F2B2 /* Result.framework */ = {isa = PBXFileReference; explicitFileType = wrapper.framework; path = Result.framework; sourceTree = BUILT_PRODUCTS_DIR; };
		215BF04E1EF43CB4006A9B71 /* ReactiveAnimationDemo_iOS.app */ = {isa = PBXFileReference; explicitFileType = wrapper.application; includeInIndex = 0; path = ReactiveAnimationDemo_iOS.app; sourceTree = BUILT_PRODUCTS_DIR; };
		215BF0511EF43CB4006A9B71 /* AppDelegate.swift */ = {isa = PBXFileReference; lastKnownFileType = sourcecode.swift; path = AppDelegate.swift; sourceTree = "<group>"; };
		215BF0531EF43CB4006A9B71 /* ViewController.swift */ = {isa = PBXFileReference; lastKnownFileType = sourcecode.swift; path = ViewController.swift; sourceTree = "<group>"; };
		215BF0561EF43CB4006A9B71 /* Base */ = {isa = PBXFileReference; lastKnownFileType = file.storyboard; name = Base; path = Base.lproj/Main.storyboard; sourceTree = "<group>"; };
		215BF0581EF43CB4006A9B71 /* Assets.xcassets */ = {isa = PBXFileReference; lastKnownFileType = folder.assetcatalog; path = Assets.xcassets; sourceTree = "<group>"; };
		215BF05B1EF43CB4006A9B71 /* Base */ = {isa = PBXFileReference; lastKnownFileType = file.storyboard; name = Base; path = Base.lproj/LaunchScreen.storyboard; sourceTree = "<group>"; };
		215BF05D1EF43CB4006A9B71 /* Info.plist */ = {isa = PBXFileReference; lastKnownFileType = text.plist.xml; path = Info.plist; sourceTree = "<group>"; };
		215BF0771EF43D04006A9B71 /* ReactiveSwift.framework */ = {isa = PBXFileReference; lastKnownFileType = wrapper.framework; name = ReactiveSwift.framework; path = "../../Carthage/Checkouts/ReactiveSwift/build/Debug-iphoneos/ReactiveSwift.framework"; sourceTree = "<group>"; };
		215BF0781EF43D04006A9B71 /* ReactiveCocoa.framework */ = {isa = PBXFileReference; lastKnownFileType = wrapper.framework; name = ReactiveCocoa.framework; path = "../../Carthage/Checkouts/ReactiveCocoa/build/Debug-iphoneos/ReactiveCocoa.framework"; sourceTree = "<group>"; };
		215BF0791EF43D04006A9B71 /* Result.framework */ = {isa = PBXFileReference; lastKnownFileType = wrapper.framework; name = Result.framework; path = "../../Carthage/Checkouts/Result/build/Debug-iphoneos/Result.framework"; sourceTree = "<group>"; };
/* End PBXFileReference section */

/* Begin PBXFrameworksBuildPhase section */
		215BF04B1EF43CB4006A9B71 /* Frameworks */ = {
			isa = PBXFrameworksBuildPhase;
			buildActionMask = 2147483647;
			files = (
				2157F5521EF444DB0057F2B2 /* ReactiveAnimation.framework in Frameworks */,
				2157F5571EF444DE0057F2B2 /* ReactiveCocoa.framework in Frameworks */,
				2157F55A1EF444E40057F2B2 /* ReactiveSwift.framework in Frameworks */,
				2157F55D1EF444ED0057F2B2 /* Result.framework in Frameworks */,
			);
			runOnlyForDeploymentPostprocessing = 0;
		};
/* End PBXFrameworksBuildPhase section */

/* Begin PBXGroup section */
		2157F5411EF444CC0057F2B2 /* Products */ = {
			isa = PBXGroup;
			children = (
				2157F54B1EF444CC0057F2B2 /* ReactiveAnimation.framework */,
				2157F54D1EF444CC0057F2B2 /* ReactiveAnimation-MacTests.xctest */,
				2157F54F1EF444CC0057F2B2 /* ReactiveAnimation.framework */,
				2157F5511EF444CC0057F2B2 /* ReactiveAnimation-iOSTests.xctest */,
			);
			name = Products;
			sourceTree = "<group>";
		};
		215BF0451EF43CB4006A9B71 = {
			isa = PBXGroup;
			children = (
				2157F5401EF444CC0057F2B2 /* ReactiveAnimation.xcodeproj */,
				215BF0501EF43CB4006A9B71 /* ReactiveAnimationDemo_iOS */,
				215BF04F1EF43CB4006A9B71 /* Products */,
				215BF0761EF43D00006A9B71 /* Frameworks */,
			);
			sourceTree = "<group>";
		};
		215BF04F1EF43CB4006A9B71 /* Products */ = {
			isa = PBXGroup;
			children = (
				215BF04E1EF43CB4006A9B71 /* ReactiveAnimationDemo_iOS.app */,
			);
			name = Products;
			sourceTree = "<group>";
		};
		215BF0501EF43CB4006A9B71 /* ReactiveAnimationDemo_iOS */ = {
			isa = PBXGroup;
			children = (
				215BF0511EF43CB4006A9B71 /* AppDelegate.swift */,
				215BF0531EF43CB4006A9B71 /* ViewController.swift */,
				215BF0551EF43CB4006A9B71 /* Main.storyboard */,
				215BF0581EF43CB4006A9B71 /* Assets.xcassets */,
				215BF05A1EF43CB4006A9B71 /* LaunchScreen.storyboard */,
				215BF05D1EF43CB4006A9B71 /* Info.plist */,
			);
			path = ReactiveAnimationDemo_iOS;
			sourceTree = "<group>";
		};
		215BF0761EF43D00006A9B71 /* Frameworks */ = {
			isa = PBXGroup;
			children = (
				2157F55C1EF444ED0057F2B2 /* Result.framework */,
				2157F5591EF444E40057F2B2 /* ReactiveSwift.framework */,
				215BF0781EF43D04006A9B71 /* ReactiveCocoa.framework */,
				215BF0771EF43D04006A9B71 /* ReactiveSwift.framework */,
				2157F5561EF444DE0057F2B2 /* ReactiveCocoa.framework */,
				215BF0791EF43D04006A9B71 /* Result.framework */,
			);
			name = Frameworks;
			sourceTree = "<group>";
		};
/* End PBXGroup section */

/* Begin PBXNativeTarget section */
		215BF04D1EF43CB4006A9B71 /* ReactiveAnimationDemo_iOS */ = {
			isa = PBXNativeTarget;
			buildConfigurationList = 215BF0601EF43CB4006A9B71 /* Build configuration list for PBXNativeTarget "ReactiveAnimationDemo_iOS" */;
			buildPhases = (
				215BF04A1EF43CB4006A9B71 /* Sources */,
				215BF04B1EF43CB4006A9B71 /* Frameworks */,
				215BF04C1EF43CB4006A9B71 /* Resources */,
				215BF08A1EF441CB006A9B71 /* Embed Frameworks */,
			);
			buildRules = (
			);
			dependencies = (
				2157F5551EF444DB0057F2B2 /* PBXTargetDependency */,
			);
			name = ReactiveAnimationDemo_iOS;
			productName = ReactiveAnimationDemo_iOS;
			productReference = 215BF04E1EF43CB4006A9B71 /* ReactiveAnimationDemo_iOS.app */;
			productType = "com.apple.product-type.application";
		};
/* End PBXNativeTarget section */

/* Begin PBXProject section */
		215BF0461EF43CB4006A9B71 /* Project object */ = {
			isa = PBXProject;
			attributes = {
				LastSwiftUpdateCheck = 0900;
				LastUpgradeCheck = 0900;
				ORGANIZATIONNAME = "Innovaptor OG";
				TargetAttributes = {
					215BF04D1EF43CB4006A9B71 = {
						CreatedOnToolsVersion = 9.0;
					};
				};
			};
			buildConfigurationList = 215BF0491EF43CB4006A9B71 /* Build configuration list for PBXProject "ReactiveAnimationDemo_iOS" */;
			compatibilityVersion = "Xcode 8.0";
			developmentRegion = en;
			hasScannedForEncodings = 0;
			knownRegions = (
				en,
				Base,
			);
			mainGroup = 215BF0451EF43CB4006A9B71;
			productRefGroup = 215BF04F1EF43CB4006A9B71 /* Products */;
			projectDirPath = "";
			projectReferences = (
				{
					ProductGroup = 2157F5411EF444CC0057F2B2 /* Products */;
					ProjectRef = 2157F5401EF444CC0057F2B2 /* ReactiveAnimation.xcodeproj */;
				},
			);
			projectRoot = "";
			targets = (
				215BF04D1EF43CB4006A9B71 /* ReactiveAnimationDemo_iOS */,
			);
		};
/* End PBXProject section */

/* Begin PBXReferenceProxy section */
		2157F54B1EF444CC0057F2B2 /* ReactiveAnimation.framework */ = {
			isa = PBXReferenceProxy;
			fileType = wrapper.framework;
			path = ReactiveAnimation.framework;
			remoteRef = 2157F54A1EF444CC0057F2B2 /* PBXContainerItemProxy */;
			sourceTree = BUILT_PRODUCTS_DIR;
		};
		2157F54D1EF444CC0057F2B2 /* ReactiveAnimation-MacTests.xctest */ = {
			isa = PBXReferenceProxy;
			fileType = wrapper.cfbundle;
			path = "ReactiveAnimation-MacTests.xctest";
			remoteRef = 2157F54C1EF444CC0057F2B2 /* PBXContainerItemProxy */;
			sourceTree = BUILT_PRODUCTS_DIR;
		};
		2157F54F1EF444CC0057F2B2 /* ReactiveAnimation.framework */ = {
			isa = PBXReferenceProxy;
			fileType = wrapper.framework;
			path = ReactiveAnimation.framework;
			remoteRef = 2157F54E1EF444CC0057F2B2 /* PBXContainerItemProxy */;
			sourceTree = BUILT_PRODUCTS_DIR;
		};
		2157F5511EF444CC0057F2B2 /* ReactiveAnimation-iOSTests.xctest */ = {
			isa = PBXReferenceProxy;
			fileType = wrapper.cfbundle;
			path = "ReactiveAnimation-iOSTests.xctest";
			remoteRef = 2157F5501EF444CC0057F2B2 /* PBXContainerItemProxy */;
			sourceTree = BUILT_PRODUCTS_DIR;
		};
/* End PBXReferenceProxy section */

/* Begin PBXResourcesBuildPhase section */
		215BF04C1EF43CB4006A9B71 /* Resources */ = {
			isa = PBXResourcesBuildPhase;
			buildActionMask = 2147483647;
			files = (
				215BF05C1EF43CB4006A9B71 /* LaunchScreen.storyboard in Resources */,
				215BF0591EF43CB4006A9B71 /* Assets.xcassets in Resources */,
				215BF0571EF43CB4006A9B71 /* Main.storyboard in Resources */,
			);
			runOnlyForDeploymentPostprocessing = 0;
		};
/* End PBXResourcesBuildPhase section */

/* Begin PBXSourcesBuildPhase section */
		215BF04A1EF43CB4006A9B71 /* Sources */ = {
			isa = PBXSourcesBuildPhase;
			buildActionMask = 2147483647;
			files = (
				215BF0541EF43CB4006A9B71 /* ViewController.swift in Sources */,
				215BF0521EF43CB4006A9B71 /* AppDelegate.swift in Sources */,
			);
			runOnlyForDeploymentPostprocessing = 0;
		};
/* End PBXSourcesBuildPhase section */

/* Begin PBXTargetDependency section */
		2157F5551EF444DB0057F2B2 /* PBXTargetDependency */ = {
			isa = PBXTargetDependency;
			name = "ReactiveAnimation-iOS";
			targetProxy = 2157F5541EF444DB0057F2B2 /* PBXContainerItemProxy */;
		};
/* End PBXTargetDependency section */

/* Begin PBXVariantGroup section */
		215BF0551EF43CB4006A9B71 /* Main.storyboard */ = {
			isa = PBXVariantGroup;
			children = (
				215BF0561EF43CB4006A9B71 /* Base */,
			);
			name = Main.storyboard;
			sourceTree = "<group>";
		};
		215BF05A1EF43CB4006A9B71 /* LaunchScreen.storyboard */ = {
			isa = PBXVariantGroup;
			children = (
				215BF05B1EF43CB4006A9B71 /* Base */,
			);
			name = LaunchScreen.storyboard;
			sourceTree = "<group>";
		};
/* End PBXVariantGroup section */

/* Begin XCBuildConfiguration section */
		215BF05E1EF43CB4006A9B71 /* Debug */ = {
			isa = XCBuildConfiguration;
			buildSettings = {
				ALWAYS_SEARCH_USER_PATHS = NO;
				CLANG_ANALYZER_NONNULL = YES;
				CLANG_ANALYZER_NUMBER_OBJECT_CONVERSION = YES_AGGRESSIVE;
				CLANG_CXX_LANGUAGE_STANDARD = "gnu++14";
				CLANG_CXX_LIBRARY = "libc++";
				CLANG_ENABLE_MODULES = YES;
				CLANG_ENABLE_OBJC_ARC = YES;
				CLANG_WARN_BLOCK_CAPTURE_AUTORELEASING = YES;
				CLANG_WARN_BOOL_CONVERSION = YES;
				CLANG_WARN_COMMA = YES;
				CLANG_WARN_CONSTANT_CONVERSION = YES;
				CLANG_WARN_DIRECT_OBJC_ISA_USAGE = YES_ERROR;
				CLANG_WARN_DOCUMENTATION_COMMENTS = YES;
				CLANG_WARN_EMPTY_BODY = YES;
				CLANG_WARN_ENUM_CONVERSION = YES;
				CLANG_WARN_INFINITE_RECURSION = YES;
				CLANG_WARN_INT_CONVERSION = YES;
				CLANG_WARN_OBJC_ROOT_CLASS = YES_ERROR;
				CLANG_WARN_RANGE_LOOP_ANALYSIS = YES;
				CLANG_WARN_STRICT_PROTOTYPES = YES;
				CLANG_WARN_SUSPICIOUS_MOVE = YES;
				CLANG_WARN_UNGUARDED_AVAILABILITY = YES_AGGRESSIVE;
				CLANG_WARN_UNREACHABLE_CODE = YES;
				CLANG_WARN__DUPLICATE_METHOD_MATCH = YES;
				CODE_SIGN_IDENTITY = "iPhone Developer";
				COPY_PHASE_STRIP = NO;
				DEBUG_INFORMATION_FORMAT = dwarf;
				ENABLE_STRICT_OBJC_MSGSEND = YES;
				ENABLE_TESTABILITY = YES;
				GCC_C_LANGUAGE_STANDARD = gnu11;
				GCC_DYNAMIC_NO_PIC = NO;
				GCC_NO_COMMON_BLOCKS = YES;
				GCC_OPTIMIZATION_LEVEL = 0;
				GCC_PREPROCESSOR_DEFINITIONS = (
					"DEBUG=1",
					"$(inherited)",
				);
				GCC_WARN_64_TO_32_BIT_CONVERSION = YES;
				GCC_WARN_ABOUT_RETURN_TYPE = YES_ERROR;
				GCC_WARN_UNDECLARED_SELECTOR = YES;
				GCC_WARN_UNINITIALIZED_AUTOS = YES_AGGRESSIVE;
				GCC_WARN_UNUSED_FUNCTION = YES;
				GCC_WARN_UNUSED_VARIABLE = YES;
				IPHONEOS_DEPLOYMENT_TARGET = 11.0;
				MTL_ENABLE_DEBUG_INFO = YES;
				ONLY_ACTIVE_ARCH = YES;
				SDKROOT = iphoneos;
				SWIFT_ACTIVE_COMPILATION_CONDITIONS = DEBUG;
				SWIFT_OPTIMIZATION_LEVEL = "-Onone";
			};
			name = Debug;
		};
		215BF05F1EF43CB4006A9B71 /* Release */ = {
			isa = XCBuildConfiguration;
			buildSettings = {
				ALWAYS_SEARCH_USER_PATHS = NO;
				CLANG_ANALYZER_NONNULL = YES;
				CLANG_ANALYZER_NUMBER_OBJECT_CONVERSION = YES_AGGRESSIVE;
				CLANG_CXX_LANGUAGE_STANDARD = "gnu++14";
				CLANG_CXX_LIBRARY = "libc++";
				CLANG_ENABLE_MODULES = YES;
				CLANG_ENABLE_OBJC_ARC = YES;
				CLANG_WARN_BLOCK_CAPTURE_AUTORELEASING = YES;
				CLANG_WARN_BOOL_CONVERSION = YES;
				CLANG_WARN_COMMA = YES;
				CLANG_WARN_CONSTANT_CONVERSION = YES;
				CLANG_WARN_DIRECT_OBJC_ISA_USAGE = YES_ERROR;
				CLANG_WARN_DOCUMENTATION_COMMENTS = YES;
				CLANG_WARN_EMPTY_BODY = YES;
				CLANG_WARN_ENUM_CONVERSION = YES;
				CLANG_WARN_INFINITE_RECURSION = YES;
				CLANG_WARN_INT_CONVERSION = YES;
				CLANG_WARN_OBJC_ROOT_CLASS = YES_ERROR;
				CLANG_WARN_RANGE_LOOP_ANALYSIS = YES;
				CLANG_WARN_STRICT_PROTOTYPES = YES;
				CLANG_WARN_SUSPICIOUS_MOVE = YES;
				CLANG_WARN_UNGUARDED_AVAILABILITY = YES_AGGRESSIVE;
				CLANG_WARN_UNREACHABLE_CODE = YES;
				CLANG_WARN__DUPLICATE_METHOD_MATCH = YES;
				CODE_SIGN_IDENTITY = "iPhone Developer";
				COPY_PHASE_STRIP = NO;
				DEBUG_INFORMATION_FORMAT = "dwarf-with-dsym";
				ENABLE_NS_ASSERTIONS = NO;
				ENABLE_STRICT_OBJC_MSGSEND = YES;
				GCC_C_LANGUAGE_STANDARD = gnu11;
				GCC_NO_COMMON_BLOCKS = YES;
				GCC_WARN_64_TO_32_BIT_CONVERSION = YES;
				GCC_WARN_ABOUT_RETURN_TYPE = YES_ERROR;
				GCC_WARN_UNDECLARED_SELECTOR = YES;
				GCC_WARN_UNINITIALIZED_AUTOS = YES_AGGRESSIVE;
				GCC_WARN_UNUSED_FUNCTION = YES;
				GCC_WARN_UNUSED_VARIABLE = YES;
				IPHONEOS_DEPLOYMENT_TARGET = 11.0;
				MTL_ENABLE_DEBUG_INFO = NO;
				SDKROOT = iphoneos;
				SWIFT_OPTIMIZATION_LEVEL = "-Owholemodule";
				VALIDATE_PRODUCT = YES;
			};
			name = Release;
		};
		215BF0611EF43CB4006A9B71 /* Debug */ = {
			isa = XCBuildConfiguration;
			buildSettings = {
				ALWAYS_EMBED_SWIFT_STANDARD_LIBRARIES = YES;
				ASSETCATALOG_COMPILER_APPICON_NAME = AppIcon;
				DEVELOPMENT_TEAM = F6SD5MVY6N;
				INFOPLIST_FILE = ReactiveAnimationDemo_iOS/Info.plist;
				LD_RUNPATH_SEARCH_PATHS = "$(inherited) @executable_path/Frameworks";
				PRODUCT_BUNDLE_IDENTIFIER = "com.innovaptor.ReactiveAnimationDemo-iOS";
				PRODUCT_NAME = "$(TARGET_NAME)";
				SWIFT_VERSION = 4.0;
				TARGETED_DEVICE_FAMILY = "1,2";
			};
			name = Debug;
		};
		215BF0621EF43CB4006A9B71 /* Release */ = {
			isa = XCBuildConfiguration;
			buildSettings = {
				ALWAYS_EMBED_SWIFT_STANDARD_LIBRARIES = YES;
				ASSETCATALOG_COMPILER_APPICON_NAME = AppIcon;
				DEVELOPMENT_TEAM = F6SD5MVY6N;
				INFOPLIST_FILE = ReactiveAnimationDemo_iOS/Info.plist;
				LD_RUNPATH_SEARCH_PATHS = "$(inherited) @executable_path/Frameworks";
				PRODUCT_BUNDLE_IDENTIFIER = "com.innovaptor.ReactiveAnimationDemo-iOS";
				PRODUCT_NAME = "$(TARGET_NAME)";
				SWIFT_VERSION = 4.0;
				TARGETED_DEVICE_FAMILY = "1,2";
			};
			name = Release;
		};
/* End XCBuildConfiguration section */

/* Begin XCConfigurationList section */
		215BF0491EF43CB4006A9B71 /* Build configuration list for PBXProject "ReactiveAnimationDemo_iOS" */ = {
			isa = XCConfigurationList;
			buildConfigurations = (
				215BF05E1EF43CB4006A9B71 /* Debug */,
				215BF05F1EF43CB4006A9B71 /* Release */,
			);
			defaultConfigurationIsVisible = 0;
			defaultConfigurationName = Release;
		};
		215BF0601EF43CB4006A9B71 /* Build configuration list for PBXNativeTarget "ReactiveAnimationDemo_iOS" */ = {
			isa = XCConfigurationList;
			buildConfigurations = (
				215BF0611EF43CB4006A9B71 /* Debug */,
				215BF0621EF43CB4006A9B71 /* Release */,
			);
			defaultConfigurationIsVisible = 0;
			defaultConfigurationName = Release;
		};
/* End XCConfigurationList section */
	};
	rootObject = 215BF0461EF43CB4006A9B71 /* Project object */;
}
